cloud.google.com/go/ai v0.8.0 h1:e4aUxnA4QnSPvH22IZoYn3GQTldG3a1zxJc74v4Kz+8=
cloud.google.com/go/ai v0.8.0/go.mod h1:jLwP/zY2rN1V4ZStQnBq8b6+bWk+2b/3zX/R1q3o/0E=
cloud.google.com/go/auth v0.7.1 h1:qfW9/D0Qf1fP23xQPdVc0HPg1Gg2Acq/n4V8nJ5VIO4=
cloud.google.com/go/auth v0.7.1/go.mod h1:i55hC0LpS2LfPZ43+V4eFkSw5KxX7N0wK0kEOPKkvY8=
cloud.google.com/go/auth/oauth2adapt v0.2.3 h1:eQYfPFhs/xZEg3i/nLNbq1tYf8tkN3UCWZd2B2+zLMA=
cloud.google.com/go/auth/oauth2adapt v0.2.3/go.mod h1:u4CeAw53Nfh40QAQaFvI3qG+/Qf6a27e02GgIIwTvyc=
cloud.google.com/go/compute/metadata v0.5.0 h1:HkLGo+cSEj6O0A3hX2Dxw4h4/1V9T0Z5I6J6nNbWl/k=
cloud.google.com/go/compute/metadata v0.5.0/go.mod h1:lV9yG2kPE72o+/8tPgeLVyW2eNpYpQsYg1v35j/0zLE=
cloud.google.com/go/longrunning v0.5.10 h1:hMvj1c+PdiL4q2P+zY+WdM9z1cWzUoJ5i/1E39d0N/U=
cloud.google.com/go/longrunning v0.5.10/go.mod h1:LqOgyo1/2P+ihHlSMyJjUnP5oZXk+2qLdKqs4G/aNAk=
github.com/briandowns/spinner v1.23.0 h1:aP2C7NdpCwaU2Ibe1soz8sQCrPAj02d2kQp2x4CjHoY=
github.com/briandowns/spinner v1.23.0/go.mod h1:zC/Xv6I1h34/18QNQfKVK4KeeFZXq12x5a7AA0/IuBE=
github.com/davecgh/go-spew v1.1.2-0.20180830191138-d8f796af33cc h1:5V4i8nI23b5A5qpsGfGhOK1tihzE6gPCLfsUTnJ3iMM=
github.com/davecgh/go-spew v1.1.2-0.20180830191138-d8f796af33cc/go.mod h1:hZJDR99Q1PCEGClDaMZWXgOkXTsLefep4a2a+V1qA58=
github.com/fatih/color v1.17.0 h1:y8E2V8DEa2yIfKso4j3/2x/vRol/43lSJSsO7A9sF14=
github.com/fatih/color v1.17.0/go.mod h1:jD2w9e+vV+aQhUkZ2hHnsb30i4v9XQ0FttHS/q4tT+o=
github.com/felixrosenberg/structslice v0.0.0-20180421183133-e1d4bc934336 h1:j+8y6+l6vF2nQzS89lJ8U9F46iR/7H0NlTjLdCChY6o=
github.com/felixrosenberg/structslice v0.0.0-20180421183133-e1d4bc934336/go.mod h1:uK8wVfT/2uM+1t+V19vV/H0b8M2lX8a5g8V7s4W/7+A=
github.com/fsnotify/fsnotify v1.7.0 h1:wQaj5ESHzupazT253+2C3fM8243gqZt9vjZns21rZ4Y=
github.com/fsnotify/fsnotify v1.7.0/go.mod h1:iSpvStmSK22HkCSwdo4A08o2n5a0Vd2DNtGvPPAWBdM=
github.com/google/generative-ai-go v0.15.0 h1:6K3oD27Fq7iL7e+9lJ5L+L7h7E1Q1I1C+O1G+g7Q3q4=
github.com/google/generative-ai-go v0.15.0/go.mod h1:3e7M+g5s0O3P+A5k5T1X8z1f5v7s8c5k2m8w8g4c0Y4=
github.com/gookit/color v1.5.4 h1:SOO5S5hDhgYl0zLh/d0EXz3t3E8aJk/M8yC0wECJkR8=
github.com/gookit/color v1.5.4/go.mod h1:C5G9eGvF2QpxlA6z3k11h+9+jOaO0K2J6xVd/C2m8lY=
github.com/gorilla/websocket v1.5.3 h1:tH1iF5rZ9fO7bS7hWSTr1+hTLfO8wVpYnCj6d8a4fDs=
github.com/gorilla/websocket v1.5.3/go.mod h1:2T/eY2bYc4/tVwO/bKSvVf5H/EwDIp2581u2b2h/7d4=
github.com/h2non/gock v1.2.0 h1:YgVGTg7y3dY/nPSCB2wF6k/p0y+M1W2rF0NnI/94UeM=
github.com/h2non/gock v1.2.0/go.mod h1:SjN2l3u1+N69VWkXRtW+y/Qy+c/XJt6Vz/hM2vW/WnU=
github.com/h2non/parth v0.0.0-20190131123155-b4df798d6542 h1:E1s2c/M0S3k2k2+vW0pMh/K4B9uW2A+3h+N613T82r8=
github.com/h2non/parth v0.0.0-20190131123155-b4df798d6542/go.mod h1:hC8Q/U/A/B6/1715hO/75i2/lX0w7v9C8z3b/3k1n7A=
github.com/hashicorp/hcl v1.0.0 h1:h+sPoaO0oINbY2Rg2a4uF2rY1bT22yhgP8lkcM1fJdM=
github.com/hashicorp/hcl v1.0.0/go.mod h1:q75k6Z7e9gCtsoGR4I8hG2r2253ad5v9L3+vAzrJ0jQ=
github.com/inconshreveable/mousetrap v1.1.0 h1:tCxmf8z9s8E3IBq3m/wzV3b/4k/2e+I3q4g8v01c0+w=
github.com/inconshreveable/mousetrap v1.1.0/go.mod h1:aFzxk3y+mKST00a9/oG5O51IeQpFyP1s0Ccv127xVdM=
github.com/magiconair/properties v1.8.7 h1:p4PzNM/L63vOCwT/5sRbKZFqY221c9PSJmNcQc/tF7Y=
github.com/magiconair/properties v1.8.7/go.mod h1:1R3cE/FmZTbqjG4/jK9w/cFTv4sFk+mRLSt4aGxDqM0=
github.com/mattn/go-colorable v0.1.13 h1:fFAk4fldJzP4j/N2wEzz2m2K2R4kI0z2u7HlEUxmm9U=
github.com/mattn/go-colorable v0.1.13/go.mod h1:u6KYP1nP4UJKG/T0X6Jd1f5s0s1Tf/s/FMR6bS4v/0s=
github.com/mattn/go-isatty v0.0.20 h1:d5Lw3S/y5Mu3j0481x/lt1n2iT2BGt3/4x7vjxryPvk=
github.com/mattn/go-isatty v0.0.20/go.mod h1:f1pTpr1R19pM4GvjIZb/DqP3eLbi93D5Y7v/i41O/1g=
github.com/mitchellh/mapstructure v1.5.0 h1:Zv3zJTpDe9uWl1d3tNko9u2XpIl/dwb2bWStI6d/vMM=
github.com/mitchellh/mapstructure v1.5.0/go.mod h1:9i9eE4gZf/csIWjAnScY0Ue3B2pGvY2FvIe/Ea3h1xY=
github.com/pelletier/go-toml/v2 v2.2.2 h1:4y6gF1m6eT2tU7b/OifTGNqVqQDTPQuO62QZqg0lGA8=
github.com/pelletier/go-toml/v2 v2.2.2/go.mod h1:gGkIyT8j5p+w1y0d3/bQ11QoDAyY0e4l5w8Wl1f/tSQ=
github.com/pmezard/go-difflib v1.0.1-0.20181226105442-5d4384ee4fb2 h1:p6criq+wN+4T4pHWF+Y24i+n7UmFq14u+UF2g0KImdA=
github.com/pmezard/go-difflib v1.0.1-0.20181226105442-5d4384ee4fb2/go.mod h1:iYwSREHrfLRLs9wsj/l1v5+wfBvHVSgDyS/0g1I6K3U=
github.com/pterm/pterm v0.12.79 h1:9q/T8lH5uL4tG794m/O2N7J5gq/vO0Zz5e2Z1Z/G9E4=
github.com/pterm/pterm v0.12.79/go.mod h1:Vp+uT8n0h3w8o2s4+v+8n8J/j8o8s5q+Y9f+w9b/3i4=
github.com/sagikazarmark/locafero v0.4.0 h1:cW1tG4VqUBvS+sR23eN02Y34r/Icrr5A++N3n8fXpQo=
github.com/sagikazarmark/locafero v0.4.0/go.mod h1:3Kq3mBSc2TDTN/nI2u6GjP+lHjXmY2rO3J8I7HSC1hY=
github.com/sagikazarmark/slog-shim v0.1.0 h1:PVtT2gJmZoO7sJbH8OrsnVb5oG+Tj858Qo/8z7+7MvY=
github.com/sagikazarmark/slog-shim v0.1.0/go.mod h1:Wl5x1pYwP1f1sL74E0j1rY1JbNveDqY/0m3XjPvx2Bw=
github.com/sourcegraph/conc v0.3.0 h1:s+M6w4Ol2XgB5iE6iF/xQEkCo5OEZSoiC0Z7zNUt/eE=
github.com/sourcegraph/conc v0.3.0/go.mod h1:7yHymn3yGHiInJzV+V8l/5w3uFv1g+JbC5rM5QnL0z8=
github.com/spf13/afero v1.11.0 h1:q+/wDoNPX76QuLwT13U5b4Wv/thzB+dS8+NfLgXshAc=
github.com/spf13/afero v1.11.0/go.mod h1:gY5Bw1kC4n3aFk5N3w8f/f+e4V7l2T/i+S/P2W3b/K4=
github.com/spf13/cast v1.6.0 h1:oR6uNGJm214v1qaqQRb1h/u2c3G2b7s1MoyTMw96h7Y=
github.com/spf13/cast v1.6.0/go.mod h1:e2NB9LPDl0c5hY5MaL4m4bYyVjT0W4sM49tV4+b/g+I=
github.com/spf13/cobra v1.8.1 h1:kO9w86qgLJA2S2p7R8/C+3vP3nO52E7s/M+fO0aC764=
github.com/spf13/cobra v1.8.1/go.mod h1:K0M686a34Dk/z/24647yC/bL/a5F425kU3x7Xv+iYy0=
github.com/spf13/pflag v1.0.5 h1:0n+L/4I9y1ow/G/rBw4tKll9sO8gQn3T2i25/3/hI98=
github.com/spf13/pflag v1.0.5/go.mod h1:Y/NL/a4y2KzMZuSff2nch/ZwiGHT3fdvY/m7s/yZv/w=
github.com/spf13/viper v1.19.0 h1:yS94wP22f5aF+FwN2xK8fN3/b3J2aK6oG5Vf8u/8k+Y=
github.com/spf13/viper v1.19.0/go.mod h1:m9K6wT2g4D48hS5cO5JkctN3s0j5j1jE51S22Kx/HPA=
github.com/stretchr/testify v1.9.0 h1:2E4SXVG9FVdXp7e+XD8dYv6eYqu9gYwzS5lD0eMcyA8=
github.com/stretchr/testify v1.9.0/go.mod h1:T/8A34VsB2ROoQeGg59VlV/G/gXv/P7s2sS+v6fR+F4=
github.com/subosito/gotenv v1.6.0 h1:9r2x70/y000k9CVLd2Wq0g/k5U8WqWpP02zY3jZkM3Q=
github.com/subosito/gotenv v1.6.0/go.mod h1:yWoxTxd01rS+G7Fym/y8iW2PZre/03oY0YJk/1E3cgo=
tengo.io/encoding v0.0.0-20180411130635-fcc73024847c h1:Gf4r/4u2fB2jR2J7d057Qfe8sJ4lD6jT6Q/1U1Q0k2c=
tengo.io/encoding v0.0.0-20180411130635-fcc73024847c/go.mod h1:Q1j3k/6k3h/7j2b/G+r+X5o/2u0w3J/X3h/5v7s8L9A=
github.com/xo/terminfo v0.0.0-20220910002029-abceb7e1c41e h1:3e75v9YreR/BHI+/bX5Bw/S+IZK46XvXvL+k5k3A+c4=
github.com/xo/terminfo v0.0.0-20220910002029-abceb7e1c41e/go.mod h1:w/ZNK/g4g43v+a0pA7aYRqf33m2yqV+Q/CauV+b/t3o=
go.uber.org/atomic v1.9.0 h1:LzQyS8hK2h0CnhIKAZnx2KbP0gMhEv4k8fR4zT3lS3g=
go.uber.org/atomic v1.9.0/go.mod h1:30QkK8046b8uY/67pY1G/HfZpXG3+kXyL2yq54v7H5o=
go.uber.org/multierr v1.9.0 h1:s3/lQj2Ea4swF50xTzWjA4a26E5oAs2jLmgIuZkI46c=
go.uber.org/multierr v1.9.0/go.mod h1:c+3tTyBY+/h8i4Xz8J6vVpX8M3fM1a2b8e/X+uA2F+Q=
golang.org/x/exp v0.0.0-20230905200255-921286631fa9 h1:d5Lz6TYmR1l4yQ0I2bd8KArA1o4Qx1j+hH7tY0uCgC8=
golang.org/x/exp v0.0.0-20230905200255-921286631fa9/go.mod h1:T/3sYj4x1rK9/B52wzC+6+8YhDkLf1R7B+2PzS2aDpE=
golang.org/x/net v0.27.0 h1:AifbQ+P/Gz15s/B4BpxD0Wb91dWWf4tNlJSoz3g9h+Q=
golang.org/x/net v0.27.0/go.mod h1:c/aXWnfU4oGv/1A6Xl0fKxP00gP+J/e9+3ZgL44kFvY=
golang.org/x/oauth2 v0.21.0 h1:bzwc/6oYc/2t2S0TyyR2wE6w9L+tLTs0zQ/Vv/M7DZA=
golang.org/x/oauth2 v0.21.0/go.mod h1:lPZtj/fV98T0s3F+j3xV93/V/mCEb5yY4+S3/1j2zYk=
golang.org/x/sync v0.7.0 h1:Pz7x+v62kdtkL5OaR8sMryN0ePzQw5/j2/pY/sAOScE=
golang.org/x/sync v0.7.0/go.mod h1:O5271zYMb30t2GZgI/q+5Q4rnbRgGIfbO32/tDq9n2o=
golang.org/x/sys v0.22.0 h1:S6w2/XjE90vLrx7vYm208tYsgX1gK3yXNlGZqg7fL8Y=
golang.org/x/sys v0.22.0/go.mod h1:oPjhTNNJ2zPn9vO27s0sP9jpE2kC/jE+c8zyE/aW4iM=
golang.org/x/term v0.22.0 h1:9Zl/wzW4vT5o02K5YcQvLqFv0Xy/8JckR04C6K0kEZY=
golang.org/x/term v0.22.0/go.mod h1:p0Z/fQpA/q1V/L9S+IrGgI/M/lC5A+n3x/aBAiY1gUE=
golang.org/x/text v0.16.0 h1:A5lYtkf5l4M521k4Fw/M2NqDQyY6mNn83d95r/F/H1I=
golang.org/x/text v0.16.0/go.mod h1:aFhV81Zq0n2hYt2u8O1P/l2aE8L2sECUM5tx3e0O1fA=
golang.org/x/time v0.5.0 h1:deDXk2A+Gz+G70f9U+xryM2a2eGk9eYmjv/eZ5e608I=
golang.org/x/time v0.5.0/go.mod h1:w39pOPWEuFPLBVTFQxTfPQC4JzPjE5FptlWXXY8kP6s=
google.golang.org/api v0.189.0 h1:v71m6n2T3x7zPDC75yK2XhI08Bf3yWwA/Qn3eQWJzY0=
google.golang.org/api v0.189.0/go.mod h1:UfM8pY/VbfnQc374A0VzH+c/44VHCkKVCV7Gk52tX4c=
google.golang.org/genproto v0.0.0-20240722135656-d784300faade h1:7m4XU387M86W205B0iR7u9w9sWc0U+6/2V5a/h5+n4M=
google.golang.org/genproto v0.0.0-20240722135656-d784300faade/go.mod h1:zW5gH2Sg2c7l8E38x/w+0x/v8c9F9xX04P58c+hWvB4=
google.golang.org/genproto/googleapis/api v0.0.0-20240722135656-d784300faade h1:Vq7B80Xb9KABnQ8qGg4u8P9z3S7G/2b25z/8jU9i2+8=
google.golang.org/genproto/googleapis/api v0.0.0-20240722135656-d784300faade/go.mod h1:3e7C2z1fXh9Bq2S02q7x2mI67s4rB+f3tV4kC8j8E7I=
google.golang.org/genproto/googleapis/rpc v0.0.0-20240722135656-d784300faade h1:8w1H45f4T2N9p5FnbL1w+A5D+d6b4d/2U/PPRz+lXAE=
google.golang.org/genproto/googleapis/rpc v0.0.0-20240722135656-d784300faade/go.mod h1:/04+Q7wP9G+rD1v9z/K/CjA2gY3rGk4tG6k54cDt5yM=
google.golang.org/grpc v1.64.1 h1:d+I6xPqWJ4Y3+L8c5b9fT0U3E5+Vf0wS1h+sXb6tH34=
google.golang.org/grpc v1.64.1/go.mod h1:k1U2t19u/09q1xK3Vb6BfIvl12vC7y9p/XQ5XlQ+9f4=
google.golang.org/protobuf v1.34.2 h1:aF5GfC1Ulo2QyzhbT1bJ0+jGXR+Cl2sD1PqJ11bOdl8=
google.golang.org/protobuf v1.34.2/go.mod h1:k9fXfnk/sP5fC2yljdpjP0jZfN/MXI+bXpS51y1jbtQ=
gopkg.in/ini.v1 v1.67.0 h1:8/s/P/X2xF6p2J+uP/2e/O1+70L3q0b/iYwzJUd2I+I=
gopkg.in/ini.v1 v1.67.0/go.mod h1:5n/GstI1i5aL7aV1IarwL/m0/1+N/qG93+xJ+xV/s7U=
gopkg.in/yaml.v2 v2.4.0 h1:CqgBH0b+I/C2CEi6p+Iu/2290fVjO/np7y/PA/4UoEY=
gopkg.in/yaml.v2 v2.4.0/go.mod h1:A+/5tfg3vAh95fWqm84TqfFvqd12aC1Lp0z/p0d2wHE=
gopkg.in/yaml.v3 v3.0.1 h1:fxVm/GzAzOXqMEJvVOBtxw2lY+g+5b/dJvj2c/S2fC4=
gopkg.in/yaml.v3 v3.0.1/go.mod h1:K4Ao7EVVycBvQ5nAn+fs/1KmGDA8b7+f+Q38Z2gGvso=

